Microsoft Visual Studio Solution File, Format Version 12.00
# Visual Studio Version 17
VisualStudioVersion = 17.5.2.0
MinimumVisualStudioVersion = 10.0.40219.1
Project("{FAE04EC0-301F-11D3-BF4B-00C04F79EFBC}") = "07", "07.csproj", "{E4949D84-9B95-14ED-F748-7183C080C2EE}"
EndProject
Global
	GlobalSection(SolutionConfigurationPlatforms) = preSolution
		Debug|Any CPU = Debug|Any CPU
		Release|Any CPU = Release|Any CPU
	EndGlobalSection
	GlobalSection(ProjectConfigurationPlatforms) = postSolution
		{E4949D84-9B95-14ED-F748-7183C080C2EE}.Debug|Any CPU.ActiveCfg = Debug|Any CPU
		{E4949D84-9B95-14ED-F748-7183C080C2EE}.Debug|Any CPU.Build.0 = Debug|Any CPU
		{E4949D84-9B95-14ED-F748-7183C080C2EE}.Release|Any CPU.ActiveCfg = Release|Any CPU
		{E4949D84-9B95-14ED-F748-7183C080C2EE}.Release|Any CPU.Build.0 = Release|Any CPU
	EndGlobalSection
	GlobalSection(SolutionProperties) = preSolution
		HideSolutionNode = FALSE
	EndGlobalSection
	GlobalSection(ExtensibilityGlobals) = postSolution
		SolutionGuid = {EDE36C62-ADB5-4FAA-890F-6FED59E9F016}
	EndGlobalSection
EndGlobal
